// !$*UTF8*$!
{
	archiveVersion = 1;
	classes = {
	};
	objectVersion = 51;
	objects = {

/* Begin PBXBuildFile section */
		089199D3E6A85F3A434C3CF8 /* Pods_Photos500pxTests.framework in Frameworks */ = {isa = PBXBuildFile; fileRef = 0948BAF1411F725F2D9E7A85 /* Pods_Photos500pxTests.framework */; };
		3882CB3B44B21B2F42A0B8C4 /* Pods_Photos500px_Photos500pxUITests.framework in Frameworks */ = {isa = PBXBuildFile; fileRef = 1D3CDB43179AC51CB6A9ABDE /* Pods_Photos500px_Photos500pxUITests.framework */; };
		74EFEFCFE0771DDDC330BF4A /* Pods_Photos500px.framework in Frameworks */ = {isa = PBXBuildFile; fileRef = 28F21683E1C36A179ED7F07F /* Pods_Photos500px.framework */; };
		AB5A93F7264AD84600A5BA41 /* AppDelegate.swift in Sources */ = {isa = PBXBuildFile; fileRef = AB5A93F6264AD84600A5BA41 /* AppDelegate.swift */; };
		AB5A93FB264AD84600A5BA41 /* PhotosListViewController.swift in Sources */ = {isa = PBXBuildFile; fileRef = AB5A93FA264AD84600A5BA41 /* PhotosListViewController.swift */; };
		AB5A93FE264AD84600A5BA41 /* Main.storyboard in Resources */ = {isa = PBXBuildFile; fileRef = AB5A93FC264AD84600A5BA41 /* Main.storyboard */; };
		AB5A9400264AD84700A5BA41 /* Assets.xcassets in Resources */ = {isa = PBXBuildFile; fileRef = AB5A93FF264AD84700A5BA41 /* Assets.xcassets */; };
		AB5A9403264AD84700A5BA41 /* LaunchScreen.storyboard in Resources */ = {isa = PBXBuildFile; fileRef = AB5A9401264AD84700A5BA41 /* LaunchScreen.storyboard */; };
		AB5A940E264AD84700A5BA41 /* Photos500pxTests.swift in Sources */ = {isa = PBXBuildFile; fileRef = AB5A940D264AD84700A5BA41 /* Photos500pxTests.swift */; };
		AB5A9419264AD84700A5BA41 /* Photos500pxUITests.swift in Sources */ = {isa = PBXBuildFile; fileRef = AB5A9418264AD84700A5BA41 /* Photos500pxUITests.swift */; };
		AB775CE1264FDFE400DF4BB3 /* PhotosPostTableViewCell.swift in Sources */ = {isa = PBXBuildFile; fileRef = AB775CDF264FDFE400DF4BB3 /* PhotosPostTableViewCell.swift */; };
		AB775CE2264FDFE400DF4BB3 /* PhotosPostTableViewCell.xib in Resources */ = {isa = PBXBuildFile; fileRef = AB775CE0264FDFE400DF4BB3 /* PhotosPostTableViewCell.xib */; };
		AB775CE8264FE6D100DF4BB3 /* APIConstant.swift in Sources */ = {isa = PBXBuildFile; fileRef = AB775CE7264FE6D100DF4BB3 /* APIConstant.swift */; };
		AB775CF0264FE8C600DF4BB3 /* AppColor.swift in Sources */ = {isa = PBXBuildFile; fileRef = AB775CEF264FE8C600DF4BB3 /* AppColor.swift */; };
		AB775CFF264FE9DD00DF4BB3 /* NumberExtension.swift in Sources */ = {isa = PBXBuildFile; fileRef = AB775CFE264FE9DD00DF4BB3 /* NumberExtension.swift */; };
/* End PBXBuildFile section */

/* Begin PBXContainerItemProxy section */
		AB5A940A264AD84700A5BA41 /* PBXContainerItemProxy */ = {
			isa = PBXContainerItemProxy;
			containerPortal = AB5A93EB264AD84600A5BA41 /* Project object */;
			proxyType = 1;
			remoteGlobalIDString = AB5A93F2264AD84600A5BA41;
			remoteInfo = Photos500px;
		};
		AB5A9415264AD84700A5BA41 /* PBXContainerItemProxy */ = {
			isa = PBXContainerItemProxy;
			containerPortal = AB5A93EB264AD84600A5BA41 /* Project object */;
			proxyType = 1;
			remoteGlobalIDString = AB5A93F2264AD84600A5BA41;
			remoteInfo = Photos500px;
		};
/* End PBXContainerItemProxy section */

/* Begin PBXFileReference section */
		0948BAF1411F725F2D9E7A85 /* Pods_Photos500pxTests.framework */ = {isa = PBXFileReference; explicitFileType = wrapper.framework; includeInIndex = 0; path = Pods_Photos500pxTests.framework; sourceTree = BUILT_PRODUCTS_DIR; };
		1D3CDB43179AC51CB6A9ABDE /* Pods_Photos500px_Photos500pxUITests.framework */ = {isa = PBXFileReference; explicitFileType = wrapper.framework; includeInIndex = 0; path = Pods_Photos500px_Photos500pxUITests.framework; sourceTree = BUILT_PRODUCTS_DIR; };
		28F21683E1C36A179ED7F07F /* Pods_Photos500px.framework */ = {isa = PBXFileReference; explicitFileType = wrapper.framework; includeInIndex = 0; path = Pods_Photos500px.framework; sourceTree = BUILT_PRODUCTS_DIR; };
		30203455A0DFE5035166B27E /* Pods-Photos500px.release.xcconfig */ = {isa = PBXFileReference; includeInIndex = 1; lastKnownFileType = text.xcconfig; name = "Pods-Photos500px.release.xcconfig"; path = "Target Support Files/Pods-Photos500px/Pods-Photos500px.release.xcconfig"; sourceTree = "<group>"; };
		3D5F86D6FE5F3141A1159B4B /* Pods-Photos500pxTests.debug.xcconfig */ = {isa = PBXFileReference; includeInIndex = 1; lastKnownFileType = text.xcconfig; name = "Pods-Photos500pxTests.debug.xcconfig"; path = "Target Support Files/Pods-Photos500pxTests/Pods-Photos500pxTests.debug.xcconfig"; sourceTree = "<group>"; };
		4D887CC054FB15778F7A0DE3 /* Pods-Photos500px.debug.xcconfig */ = {isa = PBXFileReference; includeInIndex = 1; lastKnownFileType = text.xcconfig; name = "Pods-Photos500px.debug.xcconfig"; path = "Target Support Files/Pods-Photos500px/Pods-Photos500px.debug.xcconfig"; sourceTree = "<group>"; };
		5E88AEA4C7BF3A00DF7EDD1C /* Pods-Photos500pxTests.release.xcconfig */ = {isa = PBXFileReference; includeInIndex = 1; lastKnownFileType = text.xcconfig; name = "Pods-Photos500pxTests.release.xcconfig"; path = "Target Support Files/Pods-Photos500pxTests/Pods-Photos500pxTests.release.xcconfig"; sourceTree = "<group>"; };
		9B1174677FB1033AD25A9A3B /* Pods-Photos500px-Photos500pxUITests.debug.xcconfig */ = {isa = PBXFileReference; includeInIndex = 1; lastKnownFileType = text.xcconfig; name = "Pods-Photos500px-Photos500pxUITests.debug.xcconfig"; path = "Target Support Files/Pods-Photos500px-Photos500pxUITests/Pods-Photos500px-Photos500pxUITests.debug.xcconfig"; sourceTree = "<group>"; };
		AB5A93F3264AD84600A5BA41 /* Photos500px.app */ = {isa = PBXFileReference; explicitFileType = wrapper.application; includeInIndex = 0; path = Photos500px.app; sourceTree = BUILT_PRODUCTS_DIR; };
		AB5A93F6264AD84600A5BA41 /* AppDelegate.swift */ = {isa = PBXFileReference; lastKnownFileType = sourcecode.swift; path = AppDelegate.swift; sourceTree = "<group>"; };
		AB5A93FA264AD84600A5BA41 /* PhotosListViewController.swift */ = {isa = PBXFileReference; lastKnownFileType = sourcecode.swift; path = PhotosListViewController.swift; sourceTree = "<group>"; };
		AB5A93FD264AD84600A5BA41 /* Base */ = {isa = PBXFileReference; lastKnownFileType = file.storyboard; name = Base; path = Base.lproj/Main.storyboard; sourceTree = "<group>"; };
		AB5A93FF264AD84700A5BA41 /* Assets.xcassets */ = {isa = PBXFileReference; lastKnownFileType = folder.assetcatalog; path = Assets.xcassets; sourceTree = "<group>"; };
		AB5A9402264AD84700A5BA41 /* Base */ = {isa = PBXFileReference; lastKnownFileType = file.storyboard; name = Base; path = Base.lproj/LaunchScreen.storyboard; sourceTree = "<group>"; };
		AB5A9404264AD84700A5BA41 /* Info.plist */ = {isa = PBXFileReference; lastKnownFileType = text.plist.xml; path = Info.plist; sourceTree = "<group>"; };
		AB5A9409264AD84700A5BA41 /* Photos500pxTests.xctest */ = {isa = PBXFileReference; explicitFileType = wrapper.cfbundle; includeInIndex = 0; path = Photos500pxTests.xctest; sourceTree = BUILT_PRODUCTS_DIR; };
		AB5A940D264AD84700A5BA41 /* Photos500pxTests.swift */ = {isa = PBXFileReference; lastKnownFileType = sourcecode.swift; path = Photos500pxTests.swift; sourceTree = "<group>"; };
		AB5A940F264AD84700A5BA41 /* Info.plist */ = {isa = PBXFileReference; lastKnownFileType = text.plist.xml; path = Info.plist; sourceTree = "<group>"; };
		AB5A9414264AD84700A5BA41 /* Photos500pxUITests.xctest */ = {isa = PBXFileReference; explicitFileType = wrapper.cfbundle; includeInIndex = 0; path = Photos500pxUITests.xctest; sourceTree = BUILT_PRODUCTS_DIR; };
		AB5A9418264AD84700A5BA41 /* Photos500pxUITests.swift */ = {isa = PBXFileReference; lastKnownFileType = sourcecode.swift; path = Photos500pxUITests.swift; sourceTree = "<group>"; };
		AB5A941A264AD84700A5BA41 /* Info.plist */ = {isa = PBXFileReference; lastKnownFileType = text.plist.xml; path = Info.plist; sourceTree = "<group>"; };
		AB775CDF264FDFE400DF4BB3 /* PhotosPostTableViewCell.swift */ = {isa = PBXFileReference; lastKnownFileType = sourcecode.swift; path = PhotosPostTableViewCell.swift; sourceTree = "<group>"; };
		AB775CE0264FDFE400DF4BB3 /* PhotosPostTableViewCell.xib */ = {isa = PBXFileReference; lastKnownFileType = file.xib; path = PhotosPostTableViewCell.xib; sourceTree = "<group>"; };
		AB775CE7264FE6D100DF4BB3 /* APIConstant.swift */ = {isa = PBXFileReference; lastKnownFileType = sourcecode.swift; path = APIConstant.swift; sourceTree = "<group>"; };
		AB775CEF264FE8C600DF4BB3 /* AppColor.swift */ = {isa = PBXFileReference; lastKnownFileType = sourcecode.swift; path = AppColor.swift; sourceTree = "<group>"; };
		AB775CFE264FE9DD00DF4BB3 /* NumberExtension.swift */ = {isa = PBXFileReference; lastKnownFileType = sourcecode.swift; path = NumberExtension.swift; sourceTree = "<group>"; };
		D1F313DCDC908A17A89DAD63 /* Pods-Photos500px-Photos500pxUITests.release.xcconfig */ = {isa = PBXFileReference; includeInIndex = 1; lastKnownFileType = text.xcconfig; name = "Pods-Photos500px-Photos500pxUITests.release.xcconfig"; path = "Target Support Files/Pods-Photos500px-Photos500pxUITests/Pods-Photos500px-Photos500pxUITests.release.xcconfig"; sourceTree = "<group>"; };
/* End PBXFileReference section */

/* Begin PBXFrameworksBuildPhase section */
		AB5A93F0264AD84600A5BA41 /* Frameworks */ = {
			isa = PBXFrameworksBuildPhase;
			buildActionMask = 2147483647;
			files = (
				74EFEFCFE0771DDDC330BF4A /* Pods_Photos500px.framework in Frameworks */,
			);
			runOnlyForDeploymentPostprocessing = 0;
		};
		AB5A9406264AD84700A5BA41 /* Frameworks */ = {
			isa = PBXFrameworksBuildPhase;
			buildActionMask = 2147483647;
			files = (
				089199D3E6A85F3A434C3CF8 /* Pods_Photos500pxTests.framework in Frameworks */,
			);
			runOnlyForDeploymentPostprocessing = 0;
		};
		AB5A9411264AD84700A5BA41 /* Frameworks */ = {
			isa = PBXFrameworksBuildPhase;
			buildActionMask = 2147483647;
			files = (
				3882CB3B44B21B2F42A0B8C4 /* Pods_Photos500px_Photos500pxUITests.framework in Frameworks */,
			);
			runOnlyForDeploymentPostprocessing = 0;
		};
/* End PBXFrameworksBuildPhase section */

/* Begin PBXGroup section */
		6B5CA45F5150C2145C4B841B /* Frameworks */ = {
			isa = PBXGroup;
			children = (
				28F21683E1C36A179ED7F07F /* Pods_Photos500px.framework */,
				1D3CDB43179AC51CB6A9ABDE /* Pods_Photos500px_Photos500pxUITests.framework */,
				0948BAF1411F725F2D9E7A85 /* Pods_Photos500pxTests.framework */,
			);
			name = Frameworks;
			sourceTree = "<group>";
		};
		AB5A93EA264AD84600A5BA41 = {
			isa = PBXGroup;
			children = (
				AB5A93F5264AD84600A5BA41 /* Photos500px */,
				AB5A940C264AD84700A5BA41 /* Photos500pxTests */,
				AB5A9417264AD84700A5BA41 /* Photos500pxUITests */,
				AB5A93F4264AD84600A5BA41 /* Products */,
				D87F0C5E1A4D5DBF99B32340 /* Pods */,
				6B5CA45F5150C2145C4B841B /* Frameworks */,
			);
			sourceTree = "<group>";
		};
		AB5A93F4264AD84600A5BA41 /* Products */ = {
			isa = PBXGroup;
			children = (
				AB5A93F3264AD84600A5BA41 /* Photos500px.app */,
				AB5A9409264AD84700A5BA41 /* Photos500pxTests.xctest */,
				AB5A9414264AD84700A5BA41 /* Photos500pxUITests.xctest */,
			);
			name = Products;
			sourceTree = "<group>";
		};
		AB5A93F5264AD84600A5BA41 /* Photos500px */ = {
			isa = PBXGroup;
			children = (
				AB775CFA264FE9BB00DF4BB3 /* Extension */,
				AB775CE6264FE6BF00DF4BB3 /* Config */,
				AB775CF4264FE95A00DF4BB3 /* Util */,
				AB775CDC264FDF4D00DF4BB3 /* Model */,
				AB775CDB264FDF4300DF4BB3 /* Service */,
				AB775CDD264FDF5500DF4BB3 /* ViewModel */,
				AB775CDA264FDF3C00DF4BB3 /* ViewController */,
				AB775CD9264FDF2500DF4BB3 /* View */,
				AB5A93F6264AD84600A5BA41 /* AppDelegate.swift */,
				AB5A93FF264AD84700A5BA41 /* Assets.xcassets */,
				AB5A9404264AD84700A5BA41 /* Info.plist */,
			);
			path = Photos500px;
			sourceTree = "<group>";
		};
		AB5A940C264AD84700A5BA41 /* Photos500pxTests */ = {
			isa = PBXGroup;
			children = (
				AB5A940D264AD84700A5BA41 /* Photos500pxTests.swift */,
				AB5A940F264AD84700A5BA41 /* Info.plist */,
			);
			path = Photos500pxTests;
			sourceTree = "<group>";
		};
		AB5A9417264AD84700A5BA41 /* Photos500pxUITests */ = {
			isa = PBXGroup;
			children = (
				AB5A9418264AD84700A5BA41 /* Photos500pxUITests.swift */,
				AB5A941A264AD84700A5BA41 /* Info.plist */,
			);
			path = Photos500pxUITests;
			sourceTree = "<group>";
		};
		AB775CD9264FDF2500DF4BB3 /* View */ = {
			isa = PBXGroup;
			children = (
				AB775CDE264FDF7F00DF4BB3 /* cell */,
				AB5A93FC264AD84600A5BA41 /* Main.storyboard */,
				AB5A9401264AD84700A5BA41 /* LaunchScreen.storyboard */,
			);
			path = View;
			sourceTree = "<group>";
		};
		AB775CDA264FDF3C00DF4BB3 /* ViewController */ = {
			isa = PBXGroup;
			children = (
				AB5A93FA264AD84600A5BA41 /* PhotosListViewController.swift */,
			);
			path = ViewController;
			sourceTree = "<group>";
		};
		AB775CDB264FDF4300DF4BB3 /* Service */ = {
			isa = PBXGroup;
			children = (
			);
			path = Service;
			sourceTree = "<group>";
		};
		AB775CDC264FDF4D00DF4BB3 /* Model */ = {
			isa = PBXGroup;
			children = (
			);
			path = Model;
			sourceTree = "<group>";
		};
		AB775CDD264FDF5500DF4BB3 /* ViewModel */ = {
			isa = PBXGroup;
			children = (
			);
			path = ViewModel;
			sourceTree = "<group>";
		};
		AB775CDE264FDF7F00DF4BB3 /* cell */ = {
			isa = PBXGroup;
			children = (
				AB775CDF264FDFE400DF4BB3 /* PhotosPostTableViewCell.swift */,
				AB775CE0264FDFE400DF4BB3 /* PhotosPostTableViewCell.xib */,
			);
			path = cell;
			sourceTree = "<group>";
		};
		AB775CE6264FE6BF00DF4BB3 /* Config */ = {
			isa = PBXGroup;
			children = (
				AB775CE7264FE6D100DF4BB3 /* APIConstant.swift */,
				AB775CEF264FE8C600DF4BB3 /* AppColor.swift */,
			);
			path = Config;
			sourceTree = "<group>";
		};
		AB775CF4264FE95A00DF4BB3 /* Util */ = {
			isa = PBXGroup;
			children = (
			);
			path = Util;
			sourceTree = "<group>";
		};
		AB775CFA264FE9BB00DF4BB3 /* Extension */ = {
			isa = PBXGroup;
			children = (
				AB775CFE264FE9DD00DF4BB3 /* NumberExtension.swift */,
			);
			path = Extension;
			sourceTree = "<group>";
		};
		D87F0C5E1A4D5DBF99B32340 /* Pods */ = {
			isa = PBXGroup;
			children = (
				4D887CC054FB15778F7A0DE3 /* Pods-Photos500px.debug.xcconfig */,
				30203455A0DFE5035166B27E /* Pods-Photos500px.release.xcconfig */,
				9B1174677FB1033AD25A9A3B /* Pods-Photos500px-Photos500pxUITests.debug.xcconfig */,
				D1F313DCDC908A17A89DAD63 /* Pods-Photos500px-Photos500pxUITests.release.xcconfig */,
				3D5F86D6FE5F3141A1159B4B /* Pods-Photos500pxTests.debug.xcconfig */,
				5E88AEA4C7BF3A00DF7EDD1C /* Pods-Photos500pxTests.release.xcconfig */,
			);
			path = Pods;
			sourceTree = "<group>";
		};
/* End PBXGroup section */

/* Begin PBXNativeTarget section */
		AB5A93F2264AD84600A5BA41 /* Photos500px */ = {
			isa = PBXNativeTarget;
			buildConfigurationList = AB5A941D264AD84700A5BA41 /* Build configuration list for PBXNativeTarget "Photos500px" */;
			buildPhases = (
				9E979D89EC52141F85DC4A3A /* [CP] Check Pods Manifest.lock */,
				AB5A93EF264AD84600A5BA41 /* Sources */,
				AB5A93F0264AD84600A5BA41 /* Frameworks */,
				AB5A93F1264AD84600A5BA41 /* Resources */,
				4F759CE3FA3611D95FFC1989 /* [CP] Embed Pods Frameworks */,
			);
			buildRules = (
			);
			dependencies = (
			);
			name = Photos500px;
			productName = Photos500px;
			productReference = AB5A93F3264AD84600A5BA41 /* Photos500px.app */;
			productType = "com.apple.product-type.application";
		};
		AB5A9408264AD84700A5BA41 /* Photos500pxTests */ = {
			isa = PBXNativeTarget;
			buildConfigurationList = AB5A9420264AD84700A5BA41 /* Build configuration list for PBXNativeTarget "Photos500pxTests" */;
			buildPhases = (
				2D3BB03D4C9CE1D27D4E4A81 /* [CP] Check Pods Manifest.lock */,
				AB5A9405264AD84700A5BA41 /* Sources */,
				AB5A9406264AD84700A5BA41 /* Frameworks */,
				AB5A9407264AD84700A5BA41 /* Resources */,
			);
			buildRules = (
			);
			dependencies = (
				AB5A940B264AD84700A5BA41 /* PBXTargetDependency */,
			);
			name = Photos500pxTests;
			productName = Photos500pxTests;
			productReference = AB5A9409264AD84700A5BA41 /* Photos500pxTests.xctest */;
			productType = "com.apple.product-type.bundle.unit-test";
		};
		AB5A9413264AD84700A5BA41 /* Photos500pxUITests */ = {
			isa = PBXNativeTarget;
			buildConfigurationList = AB5A9423264AD84700A5BA41 /* Build configuration list for PBXNativeTarget "Photos500pxUITests" */;
			buildPhases = (
				ADF876DD53A459CEA15519B8 /* [CP] Check Pods Manifest.lock */,
				AB5A9410264AD84700A5BA41 /* Sources */,
				AB5A9411264AD84700A5BA41 /* Frameworks */,
				AB5A9412264AD84700A5BA41 /* Resources */,
				4A11821EB199761AAB880CA5 /* [CP] Embed Pods Frameworks */,
			);
			buildRules = (
			);
			dependencies = (
				AB5A9416264AD84700A5BA41 /* PBXTargetDependency */,
			);
			name = Photos500pxUITests;
			productName = Photos500pxUITests;
			productReference = AB5A9414264AD84700A5BA41 /* Photos500pxUITests.xctest */;
			productType = "com.apple.product-type.bundle.ui-testing";
		};
/* End PBXNativeTarget section */

/* Begin PBXProject section */
		AB5A93EB264AD84600A5BA41 /* Project object */ = {
			isa = PBXProject;
			attributes = {
				LastSwiftUpdateCheck = 1240;
				LastUpgradeCheck = 1240;
				TargetAttributes = {
					AB5A93F2264AD84600A5BA41 = {
						CreatedOnToolsVersion = 12.4;
					};
					AB5A9408264AD84700A5BA41 = {
						CreatedOnToolsVersion = 12.4;
						TestTargetID = AB5A93F2264AD84600A5BA41;
					};
					AB5A9413264AD84700A5BA41 = {
						CreatedOnToolsVersion = 12.4;
						TestTargetID = AB5A93F2264AD84600A5BA41;
					};
				};
			};
			buildConfigurationList = AB5A93EE264AD84600A5BA41 /* Build configuration list for PBXProject "Photos500px" */;
			compatibilityVersion = "Xcode 9.3";
			developmentRegion = en;
			hasScannedForEncodings = 0;
			knownRegions = (
				en,
				Base,
			);
			mainGroup = AB5A93EA264AD84600A5BA41;
			productRefGroup = AB5A93F4264AD84600A5BA41 /* Products */;
			projectDirPath = "";
			projectRoot = "";
			targets = (
				AB5A93F2264AD84600A5BA41 /* Photos500px */,
				AB5A9408264AD84700A5BA41 /* Photos500pxTests */,
				AB5A9413264AD84700A5BA41 /* Photos500pxUITests */,
			);
		};
/* End PBXProject section */

/* Begin PBXResourcesBuildPhase section */
		AB5A93F1264AD84600A5BA41 /* Resources */ = {
			isa = PBXResourcesBuildPhase;
			buildActionMask = 2147483647;
			files = (
				AB5A9403264AD84700A5BA41 /* LaunchScreen.storyboard in Resources */,
				AB5A9400264AD84700A5BA41 /* Assets.xcassets in Resources */,
				AB775CE2264FDFE400DF4BB3 /* PhotosPostTableViewCell.xib in Resources */,
				AB5A93FE264AD84600A5BA41 /* Main.storyboard in Resources */,
			);
			runOnlyForDeploymentPostprocessing = 0;
		};
		AB5A9407264AD84700A5BA41 /* Resources */ = {
			isa = PBXResourcesBuildPhase;
			buildActionMask = 2147483647;
			files = (
			);
			runOnlyForDeploymentPostprocessing = 0;
		};
		AB5A9412264AD84700A5BA41 /* Resources */ = {
			isa = PBXResourcesBuildPhase;
			buildActionMask = 2147483647;
			files = (
			);
			runOnlyForDeploymentPostprocessing = 0;
		};
/* End PBXResourcesBuildPhase section */

/* Begin PBXShellScriptBuildPhase section */
		2D3BB03D4C9CE1D27D4E4A81 /* [CP] Check Pods Manifest.lock */ = {
			isa = PBXShellScriptBuildPhase;
			buildActionMask = 2147483647;
			files = (
			);
			inputFileListPaths = (
			);
			inputPaths = (
				"${PODS_PODFILE_DIR_PATH}/Podfile.lock",
				"${PODS_ROOT}/Manifest.lock",
			);
			name = "[CP] Check Pods Manifest.lock";
			outputFileListPaths = (
			);
			outputPaths = (
				"$(DERIVED_FILE_DIR)/Pods-Photos500pxTests-checkManifestLockResult.txt",
			);
			runOnlyForDeploymentPostprocessing = 0;
			shellPath = /bin/sh;
			shellScript = "diff \"${PODS_PODFILE_DIR_PATH}/Podfile.lock\" \"${PODS_ROOT}/Manifest.lock\" > /dev/null\nif [ $? != 0 ] ; then\n    # print error to STDERR\n    echo \"error: The sandbox is not in sync with the Podfile.lock. Run 'pod install' or update your CocoaPods installation.\" >&2\n    exit 1\nfi\n# This output is used by Xcode 'outputs' to avoid re-running this script phase.\necho \"SUCCESS\" > \"${SCRIPT_OUTPUT_FILE_0}\"\n";
			showEnvVarsInLog = 0;
		};
		4A11821EB199761AAB880CA5 /* [CP] Embed Pods Frameworks */ = {
			isa = PBXShellScriptBuildPhase;
			buildActionMask = 2147483647;
			files = (
			);
			inputFileListPaths = (
				"${PODS_ROOT}/Target Support Files/Pods-Photos500px-Photos500pxUITests/Pods-Photos500px-Photos500pxUITests-frameworks-${CONFIGURATION}-input-files.xcfilelist",
			);
			name = "[CP] Embed Pods Frameworks";
			outputFileListPaths = (
				"${PODS_ROOT}/Target Support Files/Pods-Photos500px-Photos500pxUITests/Pods-Photos500px-Photos500pxUITests-frameworks-${CONFIGURATION}-output-files.xcfilelist",
			);
			runOnlyForDeploymentPostprocessing = 0;
			shellPath = /bin/sh;
			shellScript = "\"${PODS_ROOT}/Target Support Files/Pods-Photos500px-Photos500pxUITests/Pods-Photos500px-Photos500pxUITests-frameworks.sh\"\n";
			showEnvVarsInLog = 0;
		};
		4F759CE3FA3611D95FFC1989 /* [CP] Embed Pods Frameworks */ = {
			isa = PBXShellScriptBuildPhase;
			buildActionMask = 2147483647;
			files = (
			);
			inputFileListPaths = (
				"${PODS_ROOT}/Target Support Files/Pods-Photos500px/Pods-Photos500px-frameworks-${CONFIGURATION}-input-files.xcfilelist",
			);
			name = "[CP] Embed Pods Frameworks";
			outputFileListPaths = (
				"${PODS_ROOT}/Target Support Files/Pods-Photos500px/Pods-Photos500px-frameworks-${CONFIGURATION}-output-files.xcfilelist",
			);
			runOnlyForDeploymentPostprocessing = 0;
			shellPath = /bin/sh;
			shellScript = "\"${PODS_ROOT}/Target Support Files/Pods-Photos500px/Pods-Photos500px-frameworks.sh\"\n";
			showEnvVarsInLog = 0;
		};
		9E979D89EC52141F85DC4A3A /* [CP] Check Pods Manifest.lock */ = {
			isa = PBXShellScriptBuildPhase;
			buildActionMask = 2147483647;
			files = (
			);
			inputFileListPaths = (
			);
			inputPaths = (
				"${PODS_PODFILE_DIR_PATH}/Podfile.lock",
				"${PODS_ROOT}/Manifest.lock",
			);
			name = "[CP] Check Pods Manifest.lock";
			outputFileListPaths = (
			);
			outputPaths = (
				"$(DERIVED_FILE_DIR)/Pods-Photos500px-checkManifestLockResult.txt",
			);
			runOnlyForDeploymentPostprocessing = 0;
			shellPath = /bin/sh;
			shellScript = "diff \"${PODS_PODFILE_DIR_PATH}/Podfile.lock\" \"${PODS_ROOT}/Manifest.lock\" > /dev/null\nif [ $? != 0 ] ; then\n    # print error to STDERR\n    echo \"error: The sandbox is not in sync with the Podfile.lock. Run 'pod install' or update your CocoaPods installation.\" >&2\n    exit 1\nfi\n# This output is used by Xcode 'outputs' to avoid re-running this script phase.\necho \"SUCCESS\" > \"${SCRIPT_OUTPUT_FILE_0}\"\n";
			showEnvVarsInLog = 0;
		};
		ADF876DD53A459CEA15519B8 /* [CP] Check Pods Manifest.lock */ = {
			isa = PBXShellScriptBuildPhase;
			buildActionMask = 2147483647;
			files = (
			);
			inputFileListPaths = (
			);
			inputPaths = (
				"${PODS_PODFILE_DIR_PATH}/Podfile.lock",
				"${PODS_ROOT}/Manifest.lock",
			);
			name = "[CP] Check Pods Manifest.lock";
			outputFileListPaths = (
			);
			outputPaths = (
				"$(DERIVED_FILE_DIR)/Pods-Photos500px-Photos500pxUITests-checkManifestLockResult.txt",
			);
			runOnlyForDeploymentPostprocessing = 0;
			shellPath = /bin/sh;
			shellScript = "diff \"${PODS_PODFILE_DIR_PATH}/Podfile.lock\" \"${PODS_ROOT}/Manifest.lock\" > /dev/null\nif [ $? != 0 ] ; then\n    # print error to STDERR\n    echo \"error: The sandbox is not in sync with the Podfile.lock. Run 'pod install' or update your CocoaPods installation.\" >&2\n    exit 1\nfi\n# This output is used by Xcode 'outputs' to avoid re-running this script phase.\necho \"SUCCESS\" > \"${SCRIPT_OUTPUT_FILE_0}\"\n";
			showEnvVarsInLog = 0;
		};
/* End PBXShellScriptBuildPhase section */

/* Begin PBXSourcesBuildPhase section */
		AB5A93EF264AD84600A5BA41 /* Sources */ = {
			isa = PBXSourcesBuildPhase;
			buildActionMask = 2147483647;
			files = (
				AB5A93FB264AD84600A5BA41 /* PhotosListViewController.swift in Sources */,
				AB775CF0264FE8C600DF4BB3 /* AppColor.swift in Sources */,
				AB775CFF264FE9DD00DF4BB3 /* NumberExtension.swift in Sources */,
				AB5A93F7264AD84600A5BA41 /* AppDelegate.swift in Sources */,
				AB775CE1264FDFE400DF4BB3 /* PhotosPostTableViewCell.swift in Sources */,
				AB775CE8264FE6D100DF4BB3 /* APIConstant.swift in Sources */,
			);
			runOnlyForDeploymentPostprocessing = 0;
		};
		AB5A9405264AD84700A5BA41 /* Sources */ = {
			isa = PBXSourcesBuildPhase;
			buildActionMask = 2147483647;
			files = (
				AB5A940E264AD84700A5BA41 /* Photos500pxTests.swift in Sources */,
			);
			runOnlyForDeploymentPostprocessing = 0;
		};
		AB5A9410264AD84700A5BA41 /* Sources */ = {
			isa = PBXSourcesBuildPhase;
			buildActionMask = 2147483647;
			files = (
				AB5A9419264AD84700A5BA41 /* Photos500pxUITests.swift in Sources */,
			);
			runOnlyForDeploymentPostprocessing = 0;
		};
/* End PBXSourcesBuildPhase section */

/* Begin PBXTargetDependency section */
		AB5A940B264AD84700A5BA41 /* PBXTargetDependency */ = {
			isa = PBXTargetDependency;
			target = AB5A93F2264AD84600A5BA41 /* Photos500px */;
			targetProxy = AB5A940A264AD84700A5BA41 /* PBXContainerItemProxy */;
		};
		AB5A9416264AD84700A5BA41 /* PBXTargetDependency */ = {
			isa = PBXTargetDependency;
			target = AB5A93F2264AD84600A5BA41 /* Photos500px */;
			targetProxy = AB5A9415264AD84700A5BA41 /* PBXContainerItemProxy */;
		};
/* End PBXTargetDependency section */

/* Begin PBXVariantGroup section */
		AB5A93FC264AD84600A5BA41 /* Main.storyboard */ = {
			isa = PBXVariantGroup;
			children = (
				AB5A93FD264AD84600A5BA41 /* Base */,
			);
			name = Main.storyboard;
			sourceTree = "<group>";
		};
		AB5A9401264AD84700A5BA41 /* LaunchScreen.storyboard */ = {
			isa = PBXVariantGroup;
			children = (
				AB5A9402264AD84700A5BA41 /* Base */,
			);
			name = LaunchScreen.storyboard;
			sourceTree = "<group>";
		};
/* End PBXVariantGroup section */

/* Begin XCBuildConfiguration section */
		AB5A941B264AD84700A5BA41 /* Debug */ = {
			isa = XCBuildConfiguration;
			buildSettings = {
				ALWAYS_SEARCH_USER_PATHS = NO;
				CLANG_ANALYZER_NONNULL = YES;
				CLANG_ANALYZER_NUMBER_OBJECT_CONVERSION = YES_AGGRESSIVE;
				CLANG_CXX_LANGUAGE_STANDARD = "gnu++14";
				CLANG_CXX_LIBRARY = "libc++";
				CLANG_ENABLE_MODULES = YES;
				CLANG_ENABLE_OBJC_ARC = YES;
				CLANG_ENABLE_OBJC_WEAK = YES;
				CLANG_WARN_BLOCK_CAPTURE_AUTORELEASING = YES;
				CLANG_WARN_BOOL_CONVERSION = YES;
				CLANG_WARN_COMMA = YES;
				CLANG_WARN_CONSTANT_CONVERSION = YES;
				CLANG_WARN_DEPRECATED_OBJC_IMPLEMENTATIONS = YES;
				CLANG_WARN_DIRECT_OBJC_ISA_USAGE = YES_ERROR;
				CLANG_WARN_DOCUMENTATION_COMMENTS = YES;
				CLANG_WARN_EMPTY_BODY = YES;
				CLANG_WARN_ENUM_CONVERSION = YES;
				CLANG_WARN_INFINITE_RECURSION = YES;
				CLANG_WARN_INT_CONVERSION = YES;
				CLANG_WARN_NON_LITERAL_NULL_CONVERSION = YES;
				CLANG_WARN_OBJC_IMPLICIT_RETAIN_SELF = YES;
				CLANG_WARN_OBJC_LITERAL_CONVERSION = YES;
				CLANG_WARN_OBJC_ROOT_CLASS = YES_ERROR;
				CLANG_WARN_QUOTED_INCLUDE_IN_FRAMEWORK_HEADER = YES;
				CLANG_WARN_RANGE_LOOP_ANALYSIS = YES;
				CLANG_WARN_STRICT_PROTOTYPES = YES;
				CLANG_WARN_SUSPICIOUS_MOVE = YES;
				CLANG_WARN_UNGUARDED_AVAILABILITY = YES_AGGRESSIVE;
				CLANG_WARN_UNREACHABLE_CODE = YES;
				CLANG_WARN__DUPLICATE_METHOD_MATCH = YES;
				COPY_PHASE_STRIP = NO;
				DEBUG_INFORMATION_FORMAT = dwarf;
				ENABLE_STRICT_OBJC_MSGSEND = YES;
				ENABLE_TESTABILITY = YES;
				GCC_C_LANGUAGE_STANDARD = gnu11;
				GCC_DYNAMIC_NO_PIC = NO;
				GCC_NO_COMMON_BLOCKS = YES;
				GCC_OPTIMIZATION_LEVEL = 0;
				GCC_PREPROCESSOR_DEFINITIONS = (
					"DEBUG=1",
					"$(inherited)",
				);
				GCC_WARN_64_TO_32_BIT_CONVERSION = YES;
				GCC_WARN_ABOUT_RETURN_TYPE = YES_ERROR;
				GCC_WARN_UNDECLARED_SELECTOR = YES;
				GCC_WARN_UNINITIALIZED_AUTOS = YES_AGGRESSIVE;
				GCC_WARN_UNUSED_FUNCTION = YES;
				GCC_WARN_UNUSED_VARIABLE = YES;
				IPHONEOS_DEPLOYMENT_TARGET = 14.4;
				MTL_ENABLE_DEBUG_INFO = INCLUDE_SOURCE;
				MTL_FAST_MATH = YES;
				ONLY_ACTIVE_ARCH = YES;
				SDKROOT = iphoneos;
				SWIFT_ACTIVE_COMPILATION_CONDITIONS = DEBUG;
				SWIFT_OPTIMIZATION_LEVEL = "-Onone";
			};
			name = Debug;
		};
		AB5A941C264AD84700A5BA41 /* Release */ = {
			isa = XCBuildConfiguration;
			buildSettings = {
				ALWAYS_SEARCH_USER_PATHS = NO;
				CLANG_ANALYZER_NONNULL = YES;
				CLANG_ANALYZER_NUMBER_OBJECT_CONVERSION = YES_AGGRESSIVE;
				CLANG_CXX_LANGUAGE_STANDARD = "gnu++14";
				CLANG_CXX_LIBRARY = "libc++";
				CLANG_ENABLE_MODULES = YES;
				CLANG_ENABLE_OBJC_ARC = YES;
				CLANG_ENABLE_OBJC_WEAK = YES;
				CLANG_WARN_BLOCK_CAPTURE_AUTORELEASING = YES;
				CLANG_WARN_BOOL_CONVERSION = YES;
				CLANG_WARN_COMMA = YES;
				CLANG_WARN_CONSTANT_CONVERSION = YES;
				CLANG_WARN_DEPRECATED_OBJC_IMPLEMENTATIONS = YES;
				CLANG_WARN_DIRECT_OBJC_ISA_USAGE = YES_ERROR;
				CLANG_WARN_DOCUMENTATION_COMMENTS = YES;
				CLANG_WARN_EMPTY_BODY = YES;
				CLANG_WARN_ENUM_CONVERSION = YES;
				CLANG_WARN_INFINITE_RECURSION = YES;
				CLANG_WARN_INT_CONVERSION = YES;
				CLANG_WARN_NON_LITERAL_NULL_CONVERSION = YES;
				CLANG_WARN_OBJC_IMPLICIT_RETAIN_SELF = YES;
				CLANG_WARN_OBJC_LITERAL_CONVERSION = YES;
				CLANG_WARN_OBJC_ROOT_CLASS = YES_ERROR;
				CLANG_WARN_QUOTED_INCLUDE_IN_FRAMEWORK_HEADER = YES;
				CLANG_WARN_RANGE_LOOP_ANALYSIS = YES;
				CLANG_WARN_STRICT_PROTOTYPES = YES;
				CLANG_WARN_SUSPICIOUS_MOVE = YES;
				CLANG_WARN_UNGUARDED_AVAILABILITY = YES_AGGRESSIVE;
				CLANG_WARN_UNREACHABLE_CODE = YES;
				CLANG_WARN__DUPLICATE_METHOD_MATCH = YES;
				COPY_PHASE_STRIP = NO;
				DEBUG_INFORMATION_FORMAT = "dwarf-with-dsym";
				ENABLE_NS_ASSERTIONS = NO;
				ENABLE_STRICT_OBJC_MSGSEND = YES;
				GCC_C_LANGUAGE_STANDARD = gnu11;
				GCC_NO_COMMON_BLOCKS = YES;
				GCC_WARN_64_TO_32_BIT_CONVERSION = YES;
				GCC_WARN_ABOUT_RETURN_TYPE = YES_ERROR;
				GCC_WARN_UNDECLARED_SELECTOR = YES;
				GCC_WARN_UNINITIALIZED_AUTOS = YES_AGGRESSIVE;
				GCC_WARN_UNUSED_FUNCTION = YES;
				GCC_WARN_UNUSED_VARIABLE = YES;
				IPHONEOS_DEPLOYMENT_TARGET = 14.4;
				MTL_ENABLE_DEBUG_INFO = NO;
				MTL_FAST_MATH = YES;
				SDKROOT = iphoneos;
				SWIFT_COMPILATION_MODE = wholemodule;
				SWIFT_OPTIMIZATION_LEVEL = "-O";
				VALIDATE_PRODUCT = YES;
			};
			name = Release;
		};
		AB5A941E264AD84700A5BA41 /* Debug */ = {
			isa = XCBuildConfiguration;
			baseConfigurationReference = 4D887CC054FB15778F7A0DE3 /* Pods-Photos500px.debug.xcconfig */;
			buildSettings = {
				ASSETCATALOG_COMPILER_APPICON_NAME = AppIcon;
				ASSETCATALOG_COMPILER_GLOBAL_ACCENT_COLOR_NAME = AccentColor;
				CODE_SIGN_STYLE = Automatic;
				DEVELOPMENT_TEAM = JF9GA8G3KV;
				INFOPLIST_FILE = Photos500px/Info.plist;
				IPHONEOS_DEPLOYMENT_TARGET = 12.1;
				LD_RUNPATH_SEARCH_PATHS = (
					"$(inherited)",
					"@executable_path/Frameworks",
				);
				PRODUCT_BUNDLE_IDENTIFIER = com.naijab.Photos500px;
				PRODUCT_NAME = "$(TARGET_NAME)";
				SWIFT_VERSION = 5.0;
				TARGETED_DEVICE_FAMILY = "1,2";
			};
			name = Debug;
		};
		AB5A941F264AD84700A5BA41 /* Release */ = {
			isa = XCBuildConfiguration;
			baseConfigurationReference = 30203455A0DFE5035166B27E /* Pods-Photos500px.release.xcconfig */;
			buildSettings = {
				ASSETCATALOG_COMPILER_APPICON_NAME = AppIcon;
				ASSETCATALOG_COMPILER_GLOBAL_ACCENT_COLOR_NAME = AccentColor;
				CODE_SIGN_STYLE = Automatic;
				DEVELOPMENT_TEAM = JF9GA8G3KV;
				INFOPLIST_FILE = Photos500px/Info.plist;
				IPHONEOS_DEPLOYMENT_TARGET = 12.1;
				LD_RUNPATH_SEARCH_PATHS = (
					"$(inherited)",
					"@executable_path/Frameworks",
				);
				PRODUCT_BUNDLE_IDENTIFIER = com.naijab.Photos500px;
				PRODUCT_NAME = "$(TARGET_NAME)";
				SWIFT_VERSION = 5.0;
				TARGETED_DEVICE_FAMILY = "1,2";
			};
			name = Release;
		};
		AB5A9421264AD84700A5BA41 /* Debug */ = {
			isa = XCBuildConfiguration;
			baseConfigurationReference = 3D5F86D6FE5F3141A1159B4B /* Pods-Photos500pxTests.debug.xcconfig */;
			buildSettings = {
				ALWAYS_EMBED_SWIFT_STANDARD_LIBRARIES = YES;
				BUNDLE_LOADER = "$(TEST_HOST)";
				CODE_SIGN_STYLE = Automatic;
				DEVELOPMENT_TEAM = JF9GA8G3KV;
				INFOPLIST_FILE = Photos500pxTests/Info.plist;
				IPHONEOS_DEPLOYMENT_TARGET = 14.4;
				LD_RUNPATH_SEARCH_PATHS = (
					"$(inherited)",
					"@executable_path/Frameworks",
					"@loader_path/Frameworks",
				);
				PRODUCT_BUNDLE_IDENTIFIER = com.naijab.Photos500pxTests;
				PRODUCT_NAME = "$(TARGET_NAME)";
				SWIFT_VERSION = 5.0;
				TARGETED_DEVICE_FAMILY = "1,2";
				TEST_HOST = "$(BUILT_PRODUCTS_DIR)/Photos500px.app/Photos500px";
			};
			name = Debug;
		};
		AB5A9422264AD84700A5BA41 /* Release */ = {
			isa = XCBuildConfiguration;
			baseConfigurationReference = 5E88AEA4C7BF3A00DF7EDD1C /* Pods-Photos500pxTests.release.xcconfig */;
			buildSettings = {
				ALWAYS_EMBED_SWIFT_STANDARD_LIBRARIES = YES;
				BUNDLE_LOADER = "$(TEST_HOST)";
				CODE_SIGN_STYLE = Automatic;
				DEVELOPMENT_TEAM = JF9GA8G3KV;
				INFOPLIST_FILE = Photos500pxTests/Info.plist;
				IPHONEOS_DEPLOYMENT_TARGET = 14.4;
				LD_RUNPATH_SEARCH_PATHS = (
					"$(inherited)",
					"@executable_path/Frameworks",
					"@loader_path/Frameworks",
				);
				PRODUCT_BUNDLE_IDENTIFIER = com.naijab.Photos500pxTests;
				PRODUCT_NAME = "$(TARGET_NAME)";
				SWIFT_VERSION = 5.0;
				TARGETED_DEVICE_FAMILY = "1,2";
				TEST_HOST = "$(BUILT_PRODUCTS_DIR)/Photos500px.app/Photos500px";
			};
			name = Release;
		};
		AB5A9424264AD84700A5BA41 /* Debug */ = {
			isa = XCBuildConfiguration;
			baseConfigurationReference = 9B1174677FB1033AD25A9A3B /* Pods-Photos500px-Photos500pxUITests.debug.xcconfig */;
			buildSettings = {
				ALWAYS_EMBED_SWIFT_STANDARD_LIBRARIES = YES;
				CODE_SIGN_STYLE = Automatic;
				DEVELOPMENT_TEAM = JF9GA8G3KV;
				INFOPLIST_FILE = Photos500pxUITests/Info.plist;
				LD_RUNPATH_SEARCH_PATHS = (
					"$(inherited)",
					"@executable_path/Frameworks",
					"@loader_path/Frameworks",
				);
				PRODUCT_BUNDLE_IDENTIFIER = com.naijab.Photos500pxUITests;
				PRODUCT_NAME = "$(TARGET_NAME)";
				SWIFT_VERSION = 5.0;
				TARGETED_DEVICE_FAMILY = "1,2";
				TEST_TARGET_NAME = Photos500px;
			};
			name = Debug;
		};
		AB5A9425264AD84700A5BA41 /* Release */ = {
			isa = XCBuildConfiguration;
			baseConfigurationReference = D1F313DCDC908A17A89DAD63 /* Pods-Photos500px-Photos500pxUITests.release.xcconfig */;
			buildSettings = {
				ALWAYS_EMBED_SWIFT_STANDARD_LIBRARIES = YES;
				CODE_SIGN_STYLE = Automatic;
				DEVELOPMENT_TEAM = JF9GA8G3KV;
				INFOPLIST_FILE = Photos500pxUITests/Info.plist;
				LD_RUNPATH_SEARCH_PATHS = (
					"$(inherited)",
					"@executable_path/Frameworks",
					"@loader_path/Frameworks",
				);
				PRODUCT_BUNDLE_IDENTIFIER = com.naijab.Photos500pxUITests;
				PRODUCT_NAME = "$(TARGET_NAME)";
				SWIFT_VERSION = 5.0;
				TARGETED_DEVICE_FAMILY = "1,2";
				TEST_TARGET_NAME = Photos500px;
			};
			name = Release;
		};
/* End XCBuildConfiguration section */

/* Begin XCConfigurationList section */
		AB5A93EE264AD84600A5BA41 /* Build configuration list for PBXProject "Photos500px" */ = {
			isa = XCConfigurationList;
			buildConfigurations = (
				AB5A941B264AD84700A5BA41 /* Debug */,
				AB5A941C264AD84700A5BA41 /* Release */,
			);
			defaultConfigurationIsVisible = 0;
			defaultConfigurationName = Release;
		};
		AB5A941D264AD84700A5BA41 /* Build configuration list for PBXNativeTarget "Photos500px" */ = {
			isa = XCConfigurationList;
			buildConfigurations = (
				AB5A941E264AD84700A5BA41 /* Debug */,
				AB5A941F264AD84700A5BA41 /* Release */,
			);
			defaultConfigurationIsVisible = 0;
			defaultConfigurationName = Release;
		};
		AB5A9420264AD84700A5BA41 /* Build configuration list for PBXNativeTarget "Photos500pxTests" */ = {
			isa = XCConfigurationList;
			buildConfigurations = (
				AB5A9421264AD84700A5BA41 /* Debug */,
				AB5A9422264AD84700A5BA41 /* Release */,
			);
			defaultConfigurationIsVisible = 0;
			defaultConfigurationName = Release;
		};
		AB5A9423264AD84700A5BA41 /* Build configuration list for PBXNativeTarget "Photos500pxUITests" */ = {
			isa = XCConfigurationList;
			buildConfigurations = (
				AB5A9424264AD84700A5BA41 /* Debug */,
				AB5A9425264AD84700A5BA41 /* Release */,
			);
			defaultConfigurationIsVisible = 0;
			defaultConfigurationName = Release;
		};
/* End XCConfigurationList section */
	};
	rootObject = AB5A93EB264AD84600A5BA41 /* Project object */;
}
